
Microsoft Visual Studio Solution File, Format Version 12.00
# Visual Studio 2013
VisualStudioVersion = 12.0.31101.0
MinimumVisualStudioVersion = 10.0.40219.1
Project("{FAE04EC0-301F-11D3-BF4B-00C04F79EFBC}") = "WANIRPartners", "WANIRPartners\WANIRPartners.csproj", "{34B3EFFE-AEB0-453C-B355-753D86A0DAD0}"
EndProject
Project("{FAE04EC0-301F-11D3-BF4B-00C04F79EFBC}") = "MvvmFoundation.Wpf", "WANIRPartners\ThirdParty\MvvmFoundation.Wpf\MvvmFoundation.Wpf.csproj", "{2E922430-EAAC-4589-A8F4-F35FBB9799B8}"
EndProject
Global
	GlobalSection(SolutionConfigurationPlatforms) = preSolution
		Debug|Any CPU = Debug|Any CPU
		Release|Any CPU = Release|Any CPU
	EndGlobalSection
	GlobalSection(ProjectConfigurationPlatforms) = postSolution
		{34B3EFFE-AEB0-453C-B355-753D86A0DAD0}.Debug|Any CPU.ActiveCfg = Debug|Any CPU
		{34B3EFFE-AEB0-453C-B355-753D86A0DAD0}.Debug|Any CPU.Build.0 = Debug|Any CPU
		{34B3EFFE-AEB0-453C-B355-753D86A0DAD0}.Release|Any CPU.ActiveCfg = Release|Any CPU
		{34B3EFFE-AEB0-453C-B355-753D86A0DAD0}.Release|Any CPU.Build.0 = Release|Any CPU
		{2E922430-EAAC-4589-A8F4-F35FBB9799B8}.Debug|Any CPU.ActiveCfg = Debug|Any CPU
		{2E922430-EAAC-4589-A8F4-F35FBB9799B8}.Debug|Any CPU.Build.0 = Debug|Any CPU
		{2E922430-EAAC-4589-A8F4-F35FBB9799B8}.Release|Any CPU.ActiveCfg = Release|Any CPU
		{2E922430-EAAC-4589-A8F4-F35FBB9799B8}.Release|Any CPU.Build.0 = Release|Any CPU
	EndGlobalSection
	GlobalSection(SolutionProperties) = preSolution
		HideSolutionNode = FALSE
	EndGlobalSection
EndGlobal
