
Microsoft Visual Studio Solution File, Format Version 12.00
# Visual Studio 2013
VisualStudioVersion = 12.0.21005.1
MinimumVisualStudioVersion = 10.0.40219.1
Project("{FAE04EC0-301F-11D3-BF4B-00C04F79EFBC}") = "WANIRPartners", "WANIRPartners\WANIRPartners.csproj", "{34B3EFFE-AEB0-453C-B355-753D86A0DAD0}"
EndProject
Project("{54435603-DBB4-11D2-8724-00A0C9A8B90C}") = "WANIRSetup", "WANIRSetup\WANIRSetup.vdproj", "{70F9B7AA-8125-4792-A796-06A791884445}"
EndProject
Global
	GlobalSection(SolutionConfigurationPlatforms) = preSolution
		Debug|Any CPU = Debug|Any CPU
		Release|Any CPU = Release|Any CPU
	EndGlobalSection
	GlobalSection(ProjectConfigurationPlatforms) = postSolution
		{34B3EFFE-AEB0-453C-B355-753D86A0DAD0}.Debug|Any CPU.ActiveCfg = Debug|Any CPU
		{34B3EFFE-AEB0-453C-B355-753D86A0DAD0}.Debug|Any CPU.Build.0 = Debug|Any CPU
		{34B3EFFE-AEB0-453C-B355-753D86A0DAD0}.Release|Any CPU.ActiveCfg = Release|Any CPU
		{34B3EFFE-AEB0-453C-B355-753D86A0DAD0}.Release|Any CPU.Build.0 = Release|Any CPU
		{70F9B7AA-8125-4792-A796-06A791884445}.Debug|Any CPU.ActiveCfg = Debug
		{70F9B7AA-8125-4792-A796-06A791884445}.Debug|Any CPU.Build.0 = Debug
		{70F9B7AA-8125-4792-A796-06A791884445}.Release|Any CPU.ActiveCfg = Release
		{70F9B7AA-8125-4792-A796-06A791884445}.Release|Any CPU.Build.0 = Release
	EndGlobalSection
	GlobalSection(SolutionProperties) = preSolution
		HideSolutionNode = FALSE
	EndGlobalSection
	GlobalSection(Performance) = preSolution
		HasPerformanceSessions = true
	EndGlobalSection
EndGlobal
